
Microsoft Visual Studio Solution File, Format Version 12.00
# Visual Studio Version 16
VisualStudioVersion = 16.0.28803.156
MinimumVisualStudioVersion = 10.0.40219.1
Project("{FAE04EC0-301F-11D3-BF4B-00C04F79EFBC}") = "IOC", "IOC\IOC.csproj", "{C8A21D7A-3B69-413A-8FEF-347B33FB1D31}"
EndProject
Global
	GlobalSection(SolutionConfigurationPlatforms) = preSolution
		Debug|Any CPU = Debug|Any CPU
		Release|Any CPU = Release|Any CPU
	EndGlobalSection
	GlobalSection(ProjectConfigurationPlatforms) = postSolution
		{C8A21D7A-3B69-413A-8FEF-347B33FB1D31}.Debug|Any CPU.ActiveCfg = Debug|Any CPU
		{C8A21D7A-3B69-413A-8FEF-347B33FB1D31}.Debug|Any CPU.Build.0 = Debug|Any CPU
		{C8A21D7A-3B69-413A-8FEF-347B33FB1D31}.Release|Any CPU.ActiveCfg = Release|Any CPU
		{C8A21D7A-3B69-413A-8FEF-347B33FB1D31}.Release|Any CPU.Build.0 = Release|Any CPU
	EndGlobalSection
	GlobalSection(SolutionProperties) = preSolution
		HideSolutionNode = FALSE
	EndGlobalSection
	GlobalSection(ExtensibilityGlobals) = postSolution
		SolutionGuid = {266F5F0B-84A7-4166-ADF8-5F054D1751DD}
	EndGlobalSection
EndGlobal
